
Microsoft Visual Studio Solution File, Format Version 12.00
# Visual Studio Version 17
VisualStudioVersion = 17.0.31903.59
MinimumVisualStudioVersion = 10.0.40219.1
Project("{FAE04EC0-301F-11D3-BF4B-00C04F79EFBC}") = "Notes.Core", "src\Notes.Core\Notes.Core.csproj", "{A1B2C3D4-E5F6-7890-ABCD-EF1234567890}"
EndProject
Project("{FAE04EC0-301F-11D3-BF4B-00C04F79EFBC}") = "Notes.Cli", "src\Notes.Cli\Notes.Cli.csproj", "{B2C3D4E5-F6A7-8901-BCDE-F12345678901}"
EndProject
Project("{FAE04EC0-301F-11D3-BF4B-00C04F79EFBC}") = "Notes.Desktop", "src\Notes.Desktop\Notes.Desktop.csproj", "{C3D4E5F6-A7B8-9012-CDEF-123456789012}"
EndProject
Project("{FAE04EC0-301F-11D3-BF4B-00C04F79EFBC}") = "Notes.Core.Tests", "tests\Notes.Core.Tests\Notes.Core.Tests.csproj", "{D4E5F6A7-B8C9-0123-DEF1-234567890123}"
EndProject
Project("{2150E333-8FDC-42A3-9474-1A3956D46DE8}") = "src", "src", "{827E0CD3-B72D-47B6-A68D-7590B98EB39B}"
EndProject
Project("{FAE04EC0-301F-11D3-BF4B-00C04F79EFBC}") = "Notes.Web", "src\Notes.Web\Notes.Web.csproj", "{5AB67CB3-132B-4F6D-AAA3-553ED6792179}"
EndProject
Project("{FAE04EC0-301F-11D3-BF4B-00C04F79EFBC}") = "Notes.Sync", "src\Notes.Sync\Notes.Sync.csproj", "{3C8A289B-CB5E-466A-9FB5-80CA5B14E2E3}"
EndProject
Project("{2150E333-8FDC-42A3-9474-1A3956D46DE8}") = "tests", "tests", "{0AB3BF05-4346-4AA6-1389-037BE0695223}"
EndProject
Project("{FAE04EC0-301F-11D3-BF4B-00C04F79EFBC}") = "Notes.Sync.Tests", "tests\Notes.Sync.Tests\Notes.Sync.Tests.csproj", "{5C59B9C1-3AE7-4F3D-B307-B69DB9204527}"
EndProject
Project("{FAE04EC0-301F-11D3-BF4B-00C04F79EFBC}") = "Notes.Web.Tests", "tests\Notes.Web.Tests\Notes.Web.Tests.csproj", "{19D377FC-02EF-43DF-AD4D-403D5F3F82D7}"
EndProject
Global
	GlobalSection(SolutionConfigurationPlatforms) = preSolution
		Debug|Any CPU = Debug|Any CPU
		Debug|x64 = Debug|x64
		Debug|x86 = Debug|x86
		Release|Any CPU = Release|Any CPU
		Release|x64 = Release|x64
		Release|x86 = Release|x86
	EndGlobalSection
	GlobalSection(ProjectConfigurationPlatforms) = postSolution
		{A1B2C3D4-E5F6-7890-ABCD-EF1234567890}.Debug|Any CPU.ActiveCfg = Debug|Any CPU
		{A1B2C3D4-E5F6-7890-ABCD-EF1234567890}.Debug|Any CPU.Build.0 = Debug|Any CPU
		{A1B2C3D4-E5F6-7890-ABCD-EF1234567890}.Debug|x64.ActiveCfg = Debug|Any CPU
		{A1B2C3D4-E5F6-7890-ABCD-EF1234567890}.Debug|x64.Build.0 = Debug|Any CPU
		{A1B2C3D4-E5F6-7890-ABCD-EF1234567890}.Debug|x86.ActiveCfg = Debug|Any CPU
		{A1B2C3D4-E5F6-7890-ABCD-EF1234567890}.Debug|x86.Build.0 = Debug|Any CPU
		{A1B2C3D4-E5F6-7890-ABCD-EF1234567890}.Release|Any CPU.ActiveCfg = Release|Any CPU
		{A1B2C3D4-E5F6-7890-ABCD-EF1234567890}.Release|Any CPU.Build.0 = Release|Any CPU
		{A1B2C3D4-E5F6-7890-ABCD-EF1234567890}.Release|x64.ActiveCfg = Release|Any CPU
		{A1B2C3D4-E5F6-7890-ABCD-EF1234567890}.Release|x64.Build.0 = Release|Any CPU
		{A1B2C3D4-E5F6-7890-ABCD-EF1234567890}.Release|x86.ActiveCfg = Release|Any CPU
		{A1B2C3D4-E5F6-7890-ABCD-EF1234567890}.Release|x86.Build.0 = Release|Any CPU
		{B2C3D4E5-F6A7-8901-BCDE-F12345678901}.Debug|Any CPU.ActiveCfg = Debug|Any CPU
		{B2C3D4E5-F6A7-8901-BCDE-F12345678901}.Debug|Any CPU.Build.0 = Debug|Any CPU
		{B2C3D4E5-F6A7-8901-BCDE-F12345678901}.Debug|x64.ActiveCfg = Debug|Any CPU
		{B2C3D4E5-F6A7-8901-BCDE-F12345678901}.Debug|x64.Build.0 = Debug|Any CPU
		{B2C3D4E5-F6A7-8901-BCDE-F12345678901}.Debug|x86.ActiveCfg = Debug|Any CPU
		{B2C3D4E5-F6A7-8901-BCDE-F12345678901}.Debug|x86.Build.0 = Debug|Any CPU
		{B2C3D4E5-F6A7-8901-BCDE-F12345678901}.Release|Any CPU.ActiveCfg = Release|Any CPU
		{B2C3D4E5-F6A7-8901-BCDE-F12345678901}.Release|Any CPU.Build.0 = Release|Any CPU
		{B2C3D4E5-F6A7-8901-BCDE-F12345678901}.Release|x64.ActiveCfg = Release|Any CPU
		{B2C3D4E5-F6A7-8901-BCDE-F12345678901}.Release|x64.Build.0 = Release|Any CPU
		{B2C3D4E5-F6A7-8901-BCDE-F12345678901}.Release|x86.ActiveCfg = Release|Any CPU
		{B2C3D4E5-F6A7-8901-BCDE-F12345678901}.Release|x86.Build.0 = Release|Any CPU
		{C3D4E5F6-A7B8-9012-CDEF-123456789012}.Debug|Any CPU.ActiveCfg = Debug|Any CPU
		{C3D4E5F6-A7B8-9012-CDEF-123456789012}.Debug|Any CPU.Build.0 = Debug|Any CPU
		{C3D4E5F6-A7B8-9012-CDEF-123456789012}.Debug|x64.ActiveCfg = Debug|Any CPU
		{C3D4E5F6-A7B8-9012-CDEF-123456789012}.Debug|x64.Build.0 = Debug|Any CPU
		{C3D4E5F6-A7B8-9012-CDEF-123456789012}.Debug|x86.ActiveCfg = Debug|Any CPU
		{C3D4E5F6-A7B8-9012-CDEF-123456789012}.Debug|x86.Build.0 = Debug|Any CPU
		{C3D4E5F6-A7B8-9012-CDEF-123456789012}.Release|Any CPU.ActiveCfg = Release|Any CPU
		{C3D4E5F6-A7B8-9012-CDEF-123456789012}.Release|Any CPU.Build.0 = Release|Any CPU
		{C3D4E5F6-A7B8-9012-CDEF-123456789012}.Release|x64.ActiveCfg = Release|Any CPU
		{C3D4E5F6-A7B8-9012-CDEF-123456789012}.Release|x64.Build.0 = Release|Any CPU
		{C3D4E5F6-A7B8-9012-CDEF-123456789012}.Release|x86.ActiveCfg = Release|Any CPU
		{C3D4E5F6-A7B8-9012-CDEF-123456789012}.Release|x86.Build.0 = Release|Any CPU
		{D4E5F6A7-B8C9-0123-DEF1-234567890123}.Debug|Any CPU.ActiveCfg = Debug|Any CPU
		{D4E5F6A7-B8C9-0123-DEF1-234567890123}.Debug|Any CPU.Build.0 = Debug|Any CPU
		{D4E5F6A7-B8C9-0123-DEF1-234567890123}.Debug|x64.ActiveCfg = Debug|Any CPU
		{D4E5F6A7-B8C9-0123-DEF1-234567890123}.Debug|x64.Build.0 = Debug|Any CPU
		{D4E5F6A7-B8C9-0123-DEF1-234567890123}.Debug|x86.ActiveCfg = Debug|Any CPU
		{D4E5F6A7-B8C9-0123-DEF1-234567890123}.Debug|x86.Build.0 = Debug|Any CPU
		{D4E5F6A7-B8C9-0123-DEF1-234567890123}.Release|Any CPU.ActiveCfg = Release|Any CPU
		{D4E5F6A7-B8C9-0123-DEF1-234567890123}.Release|Any CPU.Build.0 = Release|Any CPU
		{D4E5F6A7-B8C9-0123-DEF1-234567890123}.Release|x64.ActiveCfg = Release|Any CPU
		{D4E5F6A7-B8C9-0123-DEF1-234567890123}.Release|x64.Build.0 = Release|Any CPU
		{D4E5F6A7-B8C9-0123-DEF1-234567890123}.Release|x86.ActiveCfg = Release|Any CPU
		{D4E5F6A7-B8C9-0123-DEF1-234567890123}.Release|x86.Build.0 = Release|Any CPU
		{5AB67CB3-132B-4F6D-AAA3-553ED6792179}.Debug|Any CPU.ActiveCfg = Debug|Any CPU
		{5AB67CB3-132B-4F6D-AAA3-553ED6792179}.Debug|Any CPU.Build.0 = Debug|Any CPU
		{5AB67CB3-132B-4F6D-AAA3-553ED6792179}.Debug|x64.ActiveCfg = Debug|Any CPU
		{5AB67CB3-132B-4F6D-AAA3-553ED6792179}.Debug|x64.Build.0 = Debug|Any CPU
		{5AB67CB3-132B-4F6D-AAA3-553ED6792179}.Debug|x86.ActiveCfg = Debug|Any CPU
		{5AB67CB3-132B-4F6D-AAA3-553ED6792179}.Debug|x86.Build.0 = Debug|Any CPU
		{5AB67CB3-132B-4F6D-AAA3-553ED6792179}.Release|Any CPU.ActiveCfg = Release|Any CPU
		{5AB67CB3-132B-4F6D-AAA3-553ED6792179}.Release|Any CPU.Build.0 = Release|Any CPU
		{5AB67CB3-132B-4F6D-AAA3-553ED6792179}.Release|x64.ActiveCfg = Release|Any CPU
		{5AB67CB3-132B-4F6D-AAA3-553ED6792179}.Release|x64.Build.0 = Release|Any CPU
		{5AB67CB3-132B-4F6D-AAA3-553ED6792179}.Release|x86.ActiveCfg = Release|Any CPU
		{5AB67CB3-132B-4F6D-AAA3-553ED6792179}.Release|x86.Build.0 = Release|Any CPU
		{3C8A289B-CB5E-466A-9FB5-80CA5B14E2E3}.Debug|Any CPU.ActiveCfg = Debug|Any CPU
		{3C8A289B-CB5E-466A-9FB5-80CA5B14E2E3}.Debug|Any CPU.Build.0 = Debug|Any CPU
		{3C8A289B-CB5E-466A-9FB5-80CA5B14E2E3}.Debug|x64.ActiveCfg = Debug|Any CPU
		{3C8A289B-CB5E-466A-9FB5-80CA5B14E2E3}.Debug|x64.Build.0 = Debug|Any CPU
		{3C8A289B-CB5E-466A-9FB5-80CA5B14E2E3}.Debug|x86.ActiveCfg = Debug|Any CPU
		{3C8A289B-CB5E-466A-9FB5-80CA5B14E2E3}.Debug|x86.Build.0 = Debug|Any CPU
		{3C8A289B-CB5E-466A-9FB5-80CA5B14E2E3}.Release|Any CPU.ActiveCfg = Release|Any CPU
		{3C8A289B-CB5E-466A-9FB5-80CA5B14E2E3}.Release|Any CPU.Build.0 = Release|Any CPU
		{3C8A289B-CB5E-466A-9FB5-80CA5B14E2E3}.Release|x64.ActiveCfg = Release|Any CPU
		{3C8A289B-CB5E-466A-9FB5-80CA5B14E2E3}.Release|x64.Build.0 = Release|Any CPU
		{3C8A289B-CB5E-466A-9FB5-80CA5B14E2E3}.Release|x86.ActiveCfg = Release|Any CPU
		{3C8A289B-CB5E-466A-9FB5-80CA5B14E2E3}.Release|x86.Build.0 = Release|Any CPU
		{5C59B9C1-3AE7-4F3D-B307-B69DB9204527}.Debug|Any CPU.ActiveCfg = Debug|Any CPU
		{5C59B9C1-3AE7-4F3D-B307-B69DB9204527}.Debug|Any CPU.Build.0 = Debug|Any CPU
		{5C59B9C1-3AE7-4F3D-B307-B69DB9204527}.Debug|x64.ActiveCfg = Debug|Any CPU
		{5C59B9C1-3AE7-4F3D-B307-B69DB9204527}.Debug|x64.Build.0 = Debug|Any CPU
		{5C59B9C1-3AE7-4F3D-B307-B69DB9204527}.Debug|x86.ActiveCfg = Debug|Any CPU
		{5C59B9C1-3AE7-4F3D-B307-B69DB9204527}.Debug|x86.Build.0 = Debug|Any CPU
		{5C59B9C1-3AE7-4F3D-B307-B69DB9204527}.Release|Any CPU.ActiveCfg = Release|Any CPU
		{5C59B9C1-3AE7-4F3D-B307-B69DB9204527}.Release|Any CPU.Build.0 = Release|Any CPU
		{5C59B9C1-3AE7-4F3D-B307-B69DB9204527}.Release|x64.ActiveCfg = Release|Any CPU
		{5C59B9C1-3AE7-4F3D-B307-B69DB9204527}.Release|x64.Build.0 = Release|Any CPU
		{5C59B9C1-3AE7-4F3D-B307-B69DB9204527}.Release|x86.ActiveCfg = Release|Any CPU
		{5C59B9C1-3AE7-4F3D-B307-B69DB9204527}.Release|x86.Build.0 = Release|Any CPU
		{19D377FC-02EF-43DF-AD4D-403D5F3F82D7}.Debug|Any CPU.ActiveCfg = Debug|Any CPU
		{19D377FC-02EF-43DF-AD4D-403D5F3F82D7}.Debug|Any CPU.Build.0 = Debug|Any CPU
		{19D377FC-02EF-43DF-AD4D-403D5F3F82D7}.Debug|x64.ActiveCfg = Debug|Any CPU
		{19D377FC-02EF-43DF-AD4D-403D5F3F82D7}.Debug|x64.Build.0 = Debug|Any CPU
		{19D377FC-02EF-43DF-AD4D-403D5F3F82D7}.Debug|x86.ActiveCfg = Debug|Any CPU
		{19D377FC-02EF-43DF-AD4D-403D5F3F82D7}.Debug|x86.Build.0 = Debug|Any CPU
		{19D377FC-02EF-43DF-AD4D-403D5F3F82D7}.Release|Any CPU.ActiveCfg = Release|Any CPU
		{19D377FC-02EF-43DF-AD4D-403D5F3F82D7}.Release|Any CPU.Build.0 = Release|Any CPU
		{19D377FC-02EF-43DF-AD4D-403D5F3F82D7}.Release|x64.ActiveCfg = Release|Any CPU
		{19D377FC-02EF-43DF-AD4D-403D5F3F82D7}.Release|x64.Build.0 = Release|Any CPU
		{19D377FC-02EF-43DF-AD4D-403D5F3F82D7}.Release|x86.ActiveCfg = Release|Any CPU
		{19D377FC-02EF-43DF-AD4D-403D5F3F82D7}.Release|x86.Build.0 = Release|Any CPU
	EndGlobalSection
	GlobalSection(SolutionProperties) = preSolution
		HideSolutionNode = FALSE
	EndGlobalSection
	GlobalSection(NestedProjects) = preSolution
		{5AB67CB3-132B-4F6D-AAA3-553ED6792179} = {827E0CD3-B72D-47B6-A68D-7590B98EB39B}
		{3C8A289B-CB5E-466A-9FB5-80CA5B14E2E3} = {827E0CD3-B72D-47B6-A68D-7590B98EB39B}
		{5C59B9C1-3AE7-4F3D-B307-B69DB9204527} = {0AB3BF05-4346-4AA6-1389-037BE0695223}
		{19D377FC-02EF-43DF-AD4D-403D5F3F82D7} = {0AB3BF05-4346-4AA6-1389-037BE0695223}
	EndGlobalSection
EndGlobal
